
Microsoft Visual Studio Solution File, Format Version 12.00
# Visual Studio 15
VisualStudioVersion = 15.0.28307.421
MinimumVisualStudioVersion = 10.0.40219.1
Project("{FAE04EC0-301F-11D3-BF4B-00C04F79EFBC}") = "kpo", "kpo\kpo.csproj", "{28DDEB4C-ADBA-4326-A9F9-5813C133EFF4}"
EndProject
Global
	GlobalSection(SolutionConfigurationPlatforms) = preSolution
		Debug|Any CPU = Debug|Any CPU
		Release|Any CPU = Release|Any CPU
	EndGlobalSection
	GlobalSection(ProjectConfigurationPlatforms) = postSolution
		{28DDEB4C-ADBA-4326-A9F9-5813C133EFF4}.Debug|Any CPU.ActiveCfg = Debug|Any CPU
		{28DDEB4C-ADBA-4326-A9F9-5813C133EFF4}.Debug|Any CPU.Build.0 = Debug|Any CPU
		{28DDEB4C-ADBA-4326-A9F9-5813C133EFF4}.Release|Any CPU.ActiveCfg = Release|Any CPU
		{28DDEB4C-ADBA-4326-A9F9-5813C133EFF4}.Release|Any CPU.Build.0 = Release|Any CPU
	EndGlobalSection
	GlobalSection(SolutionProperties) = preSolution
		HideSolutionNode = FALSE
	EndGlobalSection
	GlobalSection(ExtensibilityGlobals) = postSolution
		SolutionGuid = {2550EBDE-D5AC-4D48-970A-B9C9C07F1B81}
	EndGlobalSection
EndGlobal
